
Microsoft Visual Studio Solution File, Format Version 12.00
# Visual Studio Version 16
VisualStudioVersion = 16.0.30413.136
MinimumVisualStudioVersion = 10.0.40219.1
Project("{FAE04EC0-301F-11D3-BF4B-00C04F79EFBC}") = "NumberGuess2", "NumberGuess2\NumberGuess2.csproj", "{02A43A06-4409-4844-AB0A-129BC1D210A5}"
EndProject
Global
	GlobalSection(SolutionConfigurationPlatforms) = preSolution
		Debug|Any CPU = Debug|Any CPU
		Release|Any CPU = Release|Any CPU
	EndGlobalSection
	GlobalSection(ProjectConfigurationPlatforms) = postSolution
		{02A43A06-4409-4844-AB0A-129BC1D210A5}.Debug|Any CPU.ActiveCfg = Debug|Any CPU
		{02A43A06-4409-4844-AB0A-129BC1D210A5}.Debug|Any CPU.Build.0 = Debug|Any CPU
		{02A43A06-4409-4844-AB0A-129BC1D210A5}.Release|Any CPU.ActiveCfg = Release|Any CPU
		{02A43A06-4409-4844-AB0A-129BC1D210A5}.Release|Any CPU.Build.0 = Release|Any CPU
	EndGlobalSection
	GlobalSection(SolutionProperties) = preSolution
		HideSolutionNode = FALSE
	EndGlobalSection
	GlobalSection(ExtensibilityGlobals) = postSolution
		SolutionGuid = {3AEA29E7-7B04-46F9-82B9-31DAF71A9B95}
	EndGlobalSection
EndGlobal
